
Microsoft Visual Studio Solution File, Format Version 12.00
# Visual Studio Version 16
VisualStudioVersion = 16.0.29613.14
MinimumVisualStudioVersion = 10.0.40219.1
Project("{FAE04EC0-301F-11D3-BF4B-00C04F79EFBC}") = "Projeto-TesteGit", "Projeto-TesteGit\Projeto-TesteGit.csproj", "{05D5F9F0-804C-42E8-8CF2-EA4BB88A34EC}"
EndProject
Global
	GlobalSection(SolutionConfigurationPlatforms) = preSolution
		Debug|Any CPU = Debug|Any CPU
		Release|Any CPU = Release|Any CPU
	EndGlobalSection
	GlobalSection(ProjectConfigurationPlatforms) = postSolution
		{05D5F9F0-804C-42E8-8CF2-EA4BB88A34EC}.Debug|Any CPU.ActiveCfg = Debug|Any CPU
		{05D5F9F0-804C-42E8-8CF2-EA4BB88A34EC}.Debug|Any CPU.Build.0 = Debug|Any CPU
		{05D5F9F0-804C-42E8-8CF2-EA4BB88A34EC}.Release|Any CPU.ActiveCfg = Release|Any CPU
		{05D5F9F0-804C-42E8-8CF2-EA4BB88A34EC}.Release|Any CPU.Build.0 = Release|Any CPU
	EndGlobalSection
	GlobalSection(SolutionProperties) = preSolution
		HideSolutionNode = FALSE
	EndGlobalSection
	GlobalSection(ExtensibilityGlobals) = postSolution
		SolutionGuid = {7E377528-5E7D-4410-A2E0-D39FECDAC559}
	EndGlobalSection
EndGlobal
